dependencies:
- name: twitter-app
  repository: file://../twitter-app
  version: 0.1.0
- name: db
  repository: file://../db
  version: 0.1.0
- name: monitoring
  repository: file://../monitoring
  version: 0.1.0
digest: sha256:570dbcb0a2af91a2ea11701a4e29b0964848d9d8b0b0c3046cb04d91ea857488
generated: "2025-11-18T22:50:01.314437472+02:00"
